{
  "name": "web-audio",
  "lockfileVersion": 2,
  "requires": true,
  "packages": {
    "": {
      "dependencies": {
        "vudio": "^2.1.1"
      }
    },
    "node_modules/vudio": {
      "version": "2.1.1",
      "resolved": "https://registry.npmmirror.com/vudio/-/vudio-2.1.1.tgz",
      "integrity": "sha512-VkFQcFt/b/kpF5Eg5Sq+oXUo1Zp5aRFF4BSmIrOzau5o+5WMWwX9ae/EGJZstCyZFiCTU5iw1Y+u2BCGW6Y6Jw=="
    }
  },
  "dependencies": {
    "vudio": {
      "version": "2.1.1",
      "resolved": "https://registry.npmmirror.com/vudio/-/vudio-2.1.1.tgz",
      "integrity": "sha512-VkFQcFt/b/kpF5Eg5Sq+oXUo1Zp5aRFF4BSmIrOzau5o+5WMWwX9ae/EGJZstCyZFiCTU5iw1Y+u2BCGW6Y6Jw=="
    }
  }
}
